{
  "requires": true,
  "lockfileVersion": 1,
  "dependencies": {
    "paper": {
      "version": "0.12.4",
      "resolved": "https://registry.npmjs.org/paper/-/paper-0.12.4.tgz",
      "integrity": "sha512-KypUqX2uXJZOX2j55RcgnBzK7weau9WKVCB+3e0E1Wa9yxlV7z6BsSrrJxmLNIC0pATbjcy9pJYDutQ7rIhnpQ=="
    }
  }
}
